
Microsoft Visual Studio Solution File, Format Version 12.00
# Visual Studio Version 17
VisualStudioVersion = 17.0.31825.309
MinimumVisualStudioVersion = 10.0.40219.1
Project("{9A19103F-16F7-4668-BE54-9A1E7A4F7556}") = "OnceMi.Framework.Api", "OnceMi.Framework.Api\OnceMi.Framework.Api.csproj", "{CEEE820D-6A86-4151-BDC8-E37286F852DC}"
EndProject
Project("{9A19103F-16F7-4668-BE54-9A1E7A4F7556}") = "OnceMi.Framework.Entity", "OnceMi.Framework.Entity\OnceMi.Framework.Entity.csproj", "{68B17A12-5EDA-4C71-899F-E38D56561E4C}"
EndProject
Project("{9A19103F-16F7-4668-BE54-9A1E7A4F7556}") = "OnceMi.Framework.IRepository", "OnceMi.Framework.IRepository\OnceMi.Framework.IRepository.csproj", "{8825694A-1E83-4072-8CAB-C19533321A7A}"
EndProject
Project("{9A19103F-16F7-4668-BE54-9A1E7A4F7556}") = "OnceMi.Framework.Repository", "OnceMi.Framework.Repository\OnceMi.Framework.Repository.csproj", "{7D3F7F05-7680-4D57-8306-95FB23C6F6CE}"
EndProject
Project("{9A19103F-16F7-4668-BE54-9A1E7A4F7556}") = "OnceMi.Framework.IService", "OnceMi.Framework.IService\OnceMi.Framework.IService.csproj", "{BF99F916-0CEC-414B-A53D-D57C9A0DAF17}"
EndProject
Project("{9A19103F-16F7-4668-BE54-9A1E7A4F7556}") = "OnceMi.Framework.Service", "OnceMi.Framework.Service\OnceMi.Framework.Service.csproj", "{BD13EA4F-5CDB-44F3-850D-72463405087E}"
EndProject
Project("{9A19103F-16F7-4668-BE54-9A1E7A4F7556}") = "OnceMi.Framework.Model", "OnceMi.Framework.Model\OnceMi.Framework.Model.csproj", "{4A250CCC-B5DE-4C3D-B900-61C7DE8EE895}"
EndProject
Project("{2150E333-8FDC-42A3-9474-1A3956D46DE8}") = "1.Application", "1.Application", "{B61528F9-DA00-4E16-B037-8D1D337ADECD}"
EndProject
Project("{2150E333-8FDC-42A3-9474-1A3956D46DE8}") = "2.Service", "2.Service", "{3E54E6DB-2B9D-4DB1-B74C-F984773F7BD6}"
EndProject
Project("{2150E333-8FDC-42A3-9474-1A3956D46DE8}") = "3.Repository", "3.Repository", "{7E5FCA41-B1E8-4D5A-B782-F5EDD306EF27}"
EndProject
Project("{2150E333-8FDC-42A3-9474-1A3956D46DE8}") = "4.Common", "4.Common", "{6BFB93A8-FE3F-43E1-B4EB-0D7F2C3B80AC}"
EndProject
Project("{2150E333-8FDC-42A3-9474-1A3956D46DE8}") = "5.Library", "5.Library", "{A2649590-ED89-44AB-9FEF-6A0297884763}"
EndProject
Project("{9A19103F-16F7-4668-BE54-9A1E7A4F7556}") = "OnceMi.Framework.Util", "OnceMi.Framework.Util\OnceMi.Framework.Util.csproj", "{B07826E1-5FAB-4DBD-B638-B2C7A439AAB5}"
EndProject
Project("{2150E333-8FDC-42A3-9474-1A3956D46DE8}") = "6.Test", "6.Test", "{793DFD5D-054F-45B2-BA93-6FFF4684C37E}"
EndProject
Project("{9A19103F-16F7-4668-BE54-9A1E7A4F7556}") = "OnceMi.Framework.Config", "OnceMi.Framework.Config\OnceMi.Framework.Config.csproj", "{61A1705D-7766-46D6-9CA3-EF189872C4F1}"
EndProject
Project("{9A19103F-16F7-4668-BE54-9A1E7A4F7556}") = "OnceMi.AspNetCore.MQ", "OnceMi.AspNetCore.MQ\OnceMi.AspNetCore.MQ.csproj", "{69F5FF33-0958-40B0-BB2F-E9160690D691}"
EndProject
Project("{9A19103F-16F7-4668-BE54-9A1E7A4F7556}") = "OnceMi.Framework.Extension", "OnceMi.Framework.Extension\OnceMi.Framework.Extension.csproj", "{01B6E7C7-8E3B-4BBE-957F-635F73863610}"
EndProject
Project("{9A19103F-16F7-4668-BE54-9A1E7A4F7556}") = "OnceMi.AspNetCore.AutoInjection", "OnceMi.AspNetCore.AutoInjection\OnceMi.AspNetCore.AutoInjection.csproj", "{8AF0CBA7-36E8-4B8E-B9BD-E8FD841688D9}"
EndProject
Project("{9A19103F-16F7-4668-BE54-9A1E7A4F7556}") = "OnceMi.Framework.ApiTests", "Test\OnceMi.Framework.ApiTests\OnceMi.Framework.ApiTests.csproj", "{C9195D25-1654-4A61-AB23-A7DC79EC8E55}"
EndProject
Project("{9A19103F-16F7-4668-BE54-9A1E7A4F7556}") = "OnceMi.Framework.Test", "Test\OnceMi.Framework.Test\OnceMi.Framework.Test.csproj", "{8DFA7087-A4B7-4A68-8E84-A28A7CE937B5}"
EndProject
Project("{9A19103F-16F7-4668-BE54-9A1E7A4F7556}") = "OnceMi.Framework.UtilTests", "Test\OnceMi.Framework.UtilTests\OnceMi.Framework.UtilTests.csproj", "{14264330-F8EB-47A6-91A4-A1A006C33B7C}"
EndProject
Global
	GlobalSection(SolutionConfigurationPlatforms) = preSolution
		Debug|Any CPU = Debug|Any CPU
		Release|Any CPU = Release|Any CPU
	EndGlobalSection
	GlobalSection(ProjectConfigurationPlatforms) = postSolution
		{CEEE820D-6A86-4151-BDC8-E37286F852DC}.Debug|Any CPU.ActiveCfg = Debug|Any CPU
		{CEEE820D-6A86-4151-BDC8-E37286F852DC}.Debug|Any CPU.Build.0 = Debug|Any CPU
		{CEEE820D-6A86-4151-BDC8-E37286F852DC}.Release|Any CPU.ActiveCfg = Release|Any CPU
		{CEEE820D-6A86-4151-BDC8-E37286F852DC}.Release|Any CPU.Build.0 = Release|Any CPU
		{68B17A12-5EDA-4C71-899F-E38D56561E4C}.Debug|Any CPU.ActiveCfg = Debug|Any CPU
		{68B17A12-5EDA-4C71-899F-E38D56561E4C}.Debug|Any CPU.Build.0 = Debug|Any CPU
		{68B17A12-5EDA-4C71-899F-E38D56561E4C}.Release|Any CPU.ActiveCfg = Release|Any CPU
		{68B17A12-5EDA-4C71-899F-E38D56561E4C}.Release|Any CPU.Build.0 = Release|Any CPU
		{8825694A-1E83-4072-8CAB-C19533321A7A}.Debug|Any CPU.ActiveCfg = Debug|Any CPU
		{8825694A-1E83-4072-8CAB-C19533321A7A}.Debug|Any CPU.Build.0 = Debug|Any CPU
		{8825694A-1E83-4072-8CAB-C19533321A7A}.Release|Any CPU.ActiveCfg = Release|Any CPU
		{8825694A-1E83-4072-8CAB-C19533321A7A}.Release|Any CPU.Build.0 = Release|Any CPU
		{7D3F7F05-7680-4D57-8306-95FB23C6F6CE}.Debug|Any CPU.ActiveCfg = Debug|Any CPU
		{7D3F7F05-7680-4D57-8306-95FB23C6F6CE}.Debug|Any CPU.Build.0 = Debug|Any CPU
		{7D3F7F05-7680-4D57-8306-95FB23C6F6CE}.Release|Any CPU.ActiveCfg = Release|Any CPU
		{7D3F7F05-7680-4D57-8306-95FB23C6F6CE}.Release|Any CPU.Build.0 = Release|Any CPU
		{BF99F916-0CEC-414B-A53D-D57C9A0DAF17}.Debug|Any CPU.ActiveCfg = Debug|Any CPU
		{BF99F916-0CEC-414B-A53D-D57C9A0DAF17}.Debug|Any CPU.Build.0 = Debug|Any CPU
		{BF99F916-0CEC-414B-A53D-D57C9A0DAF17}.Release|Any CPU.ActiveCfg = Release|Any CPU
		{BF99F916-0CEC-414B-A53D-D57C9A0DAF17}.Release|Any CPU.Build.0 = Release|Any CPU
		{BD13EA4F-5CDB-44F3-850D-72463405087E}.Debug|Any CPU.ActiveCfg = Debug|Any CPU
		{BD13EA4F-5CDB-44F3-850D-72463405087E}.Debug|Any CPU.Build.0 = Debug|Any CPU
		{BD13EA4F-5CDB-44F3-850D-72463405087E}.Release|Any CPU.ActiveCfg = Release|Any CPU
		{BD13EA4F-5CDB-44F3-850D-72463405087E}.Release|Any CPU.Build.0 = Release|Any CPU
		{4A250CCC-B5DE-4C3D-B900-61C7DE8EE895}.Debug|Any CPU.ActiveCfg = Debug|Any CPU
		{4A250CCC-B5DE-4C3D-B900-61C7DE8EE895}.Debug|Any CPU.Build.0 = Debug|Any CPU
		{4A250CCC-B5DE-4C3D-B900-61C7DE8EE895}.Release|Any CPU.ActiveCfg = Release|Any CPU
		{4A250CCC-B5DE-4C3D-B900-61C7DE8EE895}.Release|Any CPU.Build.0 = Release|Any CPU
		{B07826E1-5FAB-4DBD-B638-B2C7A439AAB5}.Debug|Any CPU.ActiveCfg = Debug|Any CPU
		{B07826E1-5FAB-4DBD-B638-B2C7A439AAB5}.Debug|Any CPU.Build.0 = Debug|Any CPU
		{B07826E1-5FAB-4DBD-B638-B2C7A439AAB5}.Release|Any CPU.ActiveCfg = Release|Any CPU
		{B07826E1-5FAB-4DBD-B638-B2C7A439AAB5}.Release|Any CPU.Build.0 = Release|Any CPU
		{61A1705D-7766-46D6-9CA3-EF189872C4F1}.Debug|Any CPU.ActiveCfg = Debug|Any CPU
		{61A1705D-7766-46D6-9CA3-EF189872C4F1}.Debug|Any CPU.Build.0 = Debug|Any CPU
		{61A1705D-7766-46D6-9CA3-EF189872C4F1}.Release|Any CPU.ActiveCfg = Release|Any CPU
		{61A1705D-7766-46D6-9CA3-EF189872C4F1}.Release|Any CPU.Build.0 = Release|Any CPU
		{69F5FF33-0958-40B0-BB2F-E9160690D691}.Debug|Any CPU.ActiveCfg = Debug|Any CPU
		{69F5FF33-0958-40B0-BB2F-E9160690D691}.Debug|Any CPU.Build.0 = Debug|Any CPU
		{69F5FF33-0958-40B0-BB2F-E9160690D691}.Release|Any CPU.ActiveCfg = Release|Any CPU
		{69F5FF33-0958-40B0-BB2F-E9160690D691}.Release|Any CPU.Build.0 = Release|Any CPU
		{01B6E7C7-8E3B-4BBE-957F-635F73863610}.Debug|Any CPU.ActiveCfg = Debug|Any CPU
		{01B6E7C7-8E3B-4BBE-957F-635F73863610}.Debug|Any CPU.Build.0 = Debug|Any CPU
		{01B6E7C7-8E3B-4BBE-957F-635F73863610}.Release|Any CPU.ActiveCfg = Release|Any CPU
		{01B6E7C7-8E3B-4BBE-957F-635F73863610}.Release|Any CPU.Build.0 = Release|Any CPU
		{8AF0CBA7-36E8-4B8E-B9BD-E8FD841688D9}.Debug|Any CPU.ActiveCfg = Debug|Any CPU
		{8AF0CBA7-36E8-4B8E-B9BD-E8FD841688D9}.Debug|Any CPU.Build.0 = Debug|Any CPU
		{8AF0CBA7-36E8-4B8E-B9BD-E8FD841688D9}.Release|Any CPU.ActiveCfg = Release|Any CPU
		{8AF0CBA7-36E8-4B8E-B9BD-E8FD841688D9}.Release|Any CPU.Build.0 = Release|Any CPU
		{C9195D25-1654-4A61-AB23-A7DC79EC8E55}.Debug|Any CPU.ActiveCfg = Debug|Any CPU
		{C9195D25-1654-4A61-AB23-A7DC79EC8E55}.Debug|Any CPU.Build.0 = Debug|Any CPU
		{C9195D25-1654-4A61-AB23-A7DC79EC8E55}.Release|Any CPU.ActiveCfg = Release|Any CPU
		{C9195D25-1654-4A61-AB23-A7DC79EC8E55}.Release|Any CPU.Build.0 = Release|Any CPU
		{8DFA7087-A4B7-4A68-8E84-A28A7CE937B5}.Debug|Any CPU.ActiveCfg = Debug|Any CPU
		{8DFA7087-A4B7-4A68-8E84-A28A7CE937B5}.Debug|Any CPU.Build.0 = Debug|Any CPU
		{8DFA7087-A4B7-4A68-8E84-A28A7CE937B5}.Release|Any CPU.ActiveCfg = Release|Any CPU
		{8DFA7087-A4B7-4A68-8E84-A28A7CE937B5}.Release|Any CPU.Build.0 = Release|Any CPU
		{14264330-F8EB-47A6-91A4-A1A006C33B7C}.Debug|Any CPU.ActiveCfg = Debug|Any CPU
		{14264330-F8EB-47A6-91A4-A1A006C33B7C}.Debug|Any CPU.Build.0 = Debug|Any CPU
		{14264330-F8EB-47A6-91A4-A1A006C33B7C}.Release|Any CPU.ActiveCfg = Release|Any CPU
		{14264330-F8EB-47A6-91A4-A1A006C33B7C}.Release|Any CPU.Build.0 = Release|Any CPU
	EndGlobalSection
	GlobalSection(SolutionProperties) = preSolution
		HideSolutionNode = FALSE
	EndGlobalSection
	GlobalSection(NestedProjects) = preSolution
		{CEEE820D-6A86-4151-BDC8-E37286F852DC} = {B61528F9-DA00-4E16-B037-8D1D337ADECD}
		{68B17A12-5EDA-4C71-899F-E38D56561E4C} = {6BFB93A8-FE3F-43E1-B4EB-0D7F2C3B80AC}
		{8825694A-1E83-4072-8CAB-C19533321A7A} = {7E5FCA41-B1E8-4D5A-B782-F5EDD306EF27}
		{7D3F7F05-7680-4D57-8306-95FB23C6F6CE} = {7E5FCA41-B1E8-4D5A-B782-F5EDD306EF27}
		{BF99F916-0CEC-414B-A53D-D57C9A0DAF17} = {3E54E6DB-2B9D-4DB1-B74C-F984773F7BD6}
		{BD13EA4F-5CDB-44F3-850D-72463405087E} = {3E54E6DB-2B9D-4DB1-B74C-F984773F7BD6}
		{4A250CCC-B5DE-4C3D-B900-61C7DE8EE895} = {6BFB93A8-FE3F-43E1-B4EB-0D7F2C3B80AC}
		{B07826E1-5FAB-4DBD-B638-B2C7A439AAB5} = {6BFB93A8-FE3F-43E1-B4EB-0D7F2C3B80AC}
		{61A1705D-7766-46D6-9CA3-EF189872C4F1} = {6BFB93A8-FE3F-43E1-B4EB-0D7F2C3B80AC}
		{69F5FF33-0958-40B0-BB2F-E9160690D691} = {A2649590-ED89-44AB-9FEF-6A0297884763}
		{01B6E7C7-8E3B-4BBE-957F-635F73863610} = {6BFB93A8-FE3F-43E1-B4EB-0D7F2C3B80AC}
		{8AF0CBA7-36E8-4B8E-B9BD-E8FD841688D9} = {A2649590-ED89-44AB-9FEF-6A0297884763}
		{C9195D25-1654-4A61-AB23-A7DC79EC8E55} = {793DFD5D-054F-45B2-BA93-6FFF4684C37E}
		{8DFA7087-A4B7-4A68-8E84-A28A7CE937B5} = {793DFD5D-054F-45B2-BA93-6FFF4684C37E}
		{14264330-F8EB-47A6-91A4-A1A006C33B7C} = {793DFD5D-054F-45B2-BA93-6FFF4684C37E}
	EndGlobalSection
	GlobalSection(ExtensibilityGlobals) = postSolution
		SolutionGuid = {6F8F62F3-223D-4DBD-823E-27880B68ACBC}
	EndGlobalSection
EndGlobal
