
Microsoft Visual Studio Solution File, Format Version 12.00
# Visual Studio Version 16
VisualStudioVersion = 16.0.31205.134
MinimumVisualStudioVersion = 10.0.40219.1
Project("{9A19103F-16F7-4668-BE54-9A1E7A4F7556}") = "OnceMi.Framework.Api", "OnceMi.Framework.Api\OnceMi.Framework.Api.csproj", "{CEEE820D-6A86-4151-BDC8-E37286F852DC}"
EndProject
Project("{9A19103F-16F7-4668-BE54-9A1E7A4F7556}") = "OnceMi.Framework.Entity", "OnceMi.Framework.Entity\OnceMi.Framework.Entity.csproj", "{68B17A12-5EDA-4C71-899F-E38D56561E4C}"
EndProject
Project("{9A19103F-16F7-4668-BE54-9A1E7A4F7556}") = "OnceMi.Framework.IRepository", "OnceMi.Framework.IRepository\OnceMi.Framework.IRepository.csproj", "{8825694A-1E83-4072-8CAB-C19533321A7A}"
EndProject
Project("{9A19103F-16F7-4668-BE54-9A1E7A4F7556}") = "OnceMi.Framework.Repository", "OnceMi.Framework.Repository\OnceMi.Framework.Repository.csproj", "{7D3F7F05-7680-4D57-8306-95FB23C6F6CE}"
EndProject
Project("{9A19103F-16F7-4668-BE54-9A1E7A4F7556}") = "OnceMi.Framework.IService", "OnceMi.Framework.IService\OnceMi.Framework.IService.csproj", "{BF99F916-0CEC-414B-A53D-D57C9A0DAF17}"
EndProject
Project("{9A19103F-16F7-4668-BE54-9A1E7A4F7556}") = "OnceMi.Framework.Service", "OnceMi.Framework.Service\OnceMi.Framework.Service.csproj", "{BD13EA4F-5CDB-44F3-850D-72463405087E}"
EndProject
Project("{9A19103F-16F7-4668-BE54-9A1E7A4F7556}") = "OnceMi.Framework.Model", "OnceMi.Framework.Model\OnceMi.Framework.Model.csproj", "{4A250CCC-B5DE-4C3D-B900-61C7DE8EE895}"
EndProject
Project("{2150E333-8FDC-42A3-9474-1A3956D46DE8}") = "1.app", "1.app", "{B61528F9-DA00-4E16-B037-8D1D337ADECD}"
EndProject
Project("{2150E333-8FDC-42A3-9474-1A3956D46DE8}") = "2.service", "2.service", "{3E54E6DB-2B9D-4DB1-B74C-F984773F7BD6}"
EndProject
Project("{2150E333-8FDC-42A3-9474-1A3956D46DE8}") = "3.repository", "3.repository", "{7E5FCA41-B1E8-4D5A-B782-F5EDD306EF27}"
EndProject
Project("{2150E333-8FDC-42A3-9474-1A3956D46DE8}") = "4.common", "4.common", "{6BFB93A8-FE3F-43E1-B4EB-0D7F2C3B80AC}"
EndProject
Project("{2150E333-8FDC-42A3-9474-1A3956D46DE8}") = "5.libraries", "5.libraries", "{A2649590-ED89-44AB-9FEF-6A0297884763}"
EndProject
Project("{9A19103F-16F7-4668-BE54-9A1E7A4F7556}") = "OnceMi.Framework.Util", "OnceMi.Framework.Util\OnceMi.Framework.Util.csproj", "{B07826E1-5FAB-4DBD-B638-B2C7A439AAB5}"
EndProject
Project("{9A19103F-16F7-4668-BE54-9A1E7A4F7556}") = "OnceMi.Framework.Test", "OnceMi.Framework.Test\OnceMi.Framework.Test.csproj", "{C0664260-4C07-4768-B27D-50C5CD97C826}"
EndProject
Project("{2150E333-8FDC-42A3-9474-1A3956D46DE8}") = "6.test", "6.test", "{793DFD5D-054F-45B2-BA93-6FFF4684C37E}"
EndProject
Project("{9A19103F-16F7-4668-BE54-9A1E7A4F7556}") = "OnceMi.Framework.Config", "OnceMi.Framework.Config\OnceMi.Framework.Config.csproj", "{61A1705D-7766-46D6-9CA3-EF189872C4F1}"
EndProject
Project("{9A19103F-16F7-4668-BE54-9A1E7A4F7556}") = "OnceMi.AspNetCore.MQ", "OnceMi.AspNetCore.MQ\OnceMi.AspNetCore.MQ.csproj", "{69F5FF33-0958-40B0-BB2F-E9160690D691}"
EndProject
Project("{9A19103F-16F7-4668-BE54-9A1E7A4F7556}") = "OnceMi.Framework.Extension", "OnceMi.Framework.Extension\OnceMi.Framework.Extension.csproj", "{01B6E7C7-8E3B-4BBE-957F-635F73863610}"
EndProject
Project("{9A19103F-16F7-4668-BE54-9A1E7A4F7556}") = "OnceMi.IdentityServer4.User", "OnceMi.IdentityServer4.User\OnceMi.IdentityServer4.User.csproj", "{D113C11B-F941-4434-A596-A870CD6BB5BE}"
EndProject
Project("{9A19103F-16F7-4668-BE54-9A1E7A4F7556}") = "OnceMi.Framework.ApiTests", "OnceMi.Framework.ApiTests\OnceMi.Framework.ApiTests.csproj", "{CBEE5216-BB49-4094-BBA4-D5BBD3B57954}"
EndProject
Global
	GlobalSection(SolutionConfigurationPlatforms) = preSolution
		Debug|Any CPU = Debug|Any CPU
		Release|Any CPU = Release|Any CPU
	EndGlobalSection
	GlobalSection(ProjectConfigurationPlatforms) = postSolution
		{CEEE820D-6A86-4151-BDC8-E37286F852DC}.Debug|Any CPU.ActiveCfg = Debug|Any CPU
		{CEEE820D-6A86-4151-BDC8-E37286F852DC}.Debug|Any CPU.Build.0 = Debug|Any CPU
		{CEEE820D-6A86-4151-BDC8-E37286F852DC}.Release|Any CPU.ActiveCfg = Release|Any CPU
		{CEEE820D-6A86-4151-BDC8-E37286F852DC}.Release|Any CPU.Build.0 = Release|Any CPU
		{68B17A12-5EDA-4C71-899F-E38D56561E4C}.Debug|Any CPU.ActiveCfg = Debug|Any CPU
		{68B17A12-5EDA-4C71-899F-E38D56561E4C}.Debug|Any CPU.Build.0 = Debug|Any CPU
		{68B17A12-5EDA-4C71-899F-E38D56561E4C}.Release|Any CPU.ActiveCfg = Release|Any CPU
		{68B17A12-5EDA-4C71-899F-E38D56561E4C}.Release|Any CPU.Build.0 = Release|Any CPU
		{8825694A-1E83-4072-8CAB-C19533321A7A}.Debug|Any CPU.ActiveCfg = Debug|Any CPU
		{8825694A-1E83-4072-8CAB-C19533321A7A}.Debug|Any CPU.Build.0 = Debug|Any CPU
		{8825694A-1E83-4072-8CAB-C19533321A7A}.Release|Any CPU.ActiveCfg = Release|Any CPU
		{8825694A-1E83-4072-8CAB-C19533321A7A}.Release|Any CPU.Build.0 = Release|Any CPU
		{7D3F7F05-7680-4D57-8306-95FB23C6F6CE}.Debug|Any CPU.ActiveCfg = Debug|Any CPU
		{7D3F7F05-7680-4D57-8306-95FB23C6F6CE}.Debug|Any CPU.Build.0 = Debug|Any CPU
		{7D3F7F05-7680-4D57-8306-95FB23C6F6CE}.Release|Any CPU.ActiveCfg = Release|Any CPU
		{7D3F7F05-7680-4D57-8306-95FB23C6F6CE}.Release|Any CPU.Build.0 = Release|Any CPU
		{BF99F916-0CEC-414B-A53D-D57C9A0DAF17}.Debug|Any CPU.ActiveCfg = Debug|Any CPU
		{BF99F916-0CEC-414B-A53D-D57C9A0DAF17}.Debug|Any CPU.Build.0 = Debug|Any CPU
		{BF99F916-0CEC-414B-A53D-D57C9A0DAF17}.Release|Any CPU.ActiveCfg = Release|Any CPU
		{BF99F916-0CEC-414B-A53D-D57C9A0DAF17}.Release|Any CPU.Build.0 = Release|Any CPU
		{BD13EA4F-5CDB-44F3-850D-72463405087E}.Debug|Any CPU.ActiveCfg = Debug|Any CPU
		{BD13EA4F-5CDB-44F3-850D-72463405087E}.Debug|Any CPU.Build.0 = Debug|Any CPU
		{BD13EA4F-5CDB-44F3-850D-72463405087E}.Release|Any CPU.ActiveCfg = Release|Any CPU
		{BD13EA4F-5CDB-44F3-850D-72463405087E}.Release|Any CPU.Build.0 = Release|Any CPU
		{4A250CCC-B5DE-4C3D-B900-61C7DE8EE895}.Debug|Any CPU.ActiveCfg = Debug|Any CPU
		{4A250CCC-B5DE-4C3D-B900-61C7DE8EE895}.Debug|Any CPU.Build.0 = Debug|Any CPU
		{4A250CCC-B5DE-4C3D-B900-61C7DE8EE895}.Release|Any CPU.ActiveCfg = Release|Any CPU
		{4A250CCC-B5DE-4C3D-B900-61C7DE8EE895}.Release|Any CPU.Build.0 = Release|Any CPU
		{B07826E1-5FAB-4DBD-B638-B2C7A439AAB5}.Debug|Any CPU.ActiveCfg = Debug|Any CPU
		{B07826E1-5FAB-4DBD-B638-B2C7A439AAB5}.Debug|Any CPU.Build.0 = Debug|Any CPU
		{B07826E1-5FAB-4DBD-B638-B2C7A439AAB5}.Release|Any CPU.ActiveCfg = Release|Any CPU
		{B07826E1-5FAB-4DBD-B638-B2C7A439AAB5}.Release|Any CPU.Build.0 = Release|Any CPU
		{C0664260-4C07-4768-B27D-50C5CD97C826}.Debug|Any CPU.ActiveCfg = Debug|Any CPU
		{C0664260-4C07-4768-B27D-50C5CD97C826}.Debug|Any CPU.Build.0 = Debug|Any CPU
		{C0664260-4C07-4768-B27D-50C5CD97C826}.Release|Any CPU.ActiveCfg = Release|Any CPU
		{C0664260-4C07-4768-B27D-50C5CD97C826}.Release|Any CPU.Build.0 = Release|Any CPU
		{61A1705D-7766-46D6-9CA3-EF189872C4F1}.Debug|Any CPU.ActiveCfg = Debug|Any CPU
		{61A1705D-7766-46D6-9CA3-EF189872C4F1}.Debug|Any CPU.Build.0 = Debug|Any CPU
		{61A1705D-7766-46D6-9CA3-EF189872C4F1}.Release|Any CPU.ActiveCfg = Release|Any CPU
		{61A1705D-7766-46D6-9CA3-EF189872C4F1}.Release|Any CPU.Build.0 = Release|Any CPU
		{69F5FF33-0958-40B0-BB2F-E9160690D691}.Debug|Any CPU.ActiveCfg = Debug|Any CPU
		{69F5FF33-0958-40B0-BB2F-E9160690D691}.Debug|Any CPU.Build.0 = Debug|Any CPU
		{69F5FF33-0958-40B0-BB2F-E9160690D691}.Release|Any CPU.ActiveCfg = Release|Any CPU
		{69F5FF33-0958-40B0-BB2F-E9160690D691}.Release|Any CPU.Build.0 = Release|Any CPU
		{01B6E7C7-8E3B-4BBE-957F-635F73863610}.Debug|Any CPU.ActiveCfg = Debug|Any CPU
		{01B6E7C7-8E3B-4BBE-957F-635F73863610}.Debug|Any CPU.Build.0 = Debug|Any CPU
		{01B6E7C7-8E3B-4BBE-957F-635F73863610}.Release|Any CPU.ActiveCfg = Release|Any CPU
		{01B6E7C7-8E3B-4BBE-957F-635F73863610}.Release|Any CPU.Build.0 = Release|Any CPU
		{D113C11B-F941-4434-A596-A870CD6BB5BE}.Debug|Any CPU.ActiveCfg = Debug|Any CPU
		{D113C11B-F941-4434-A596-A870CD6BB5BE}.Debug|Any CPU.Build.0 = Debug|Any CPU
		{D113C11B-F941-4434-A596-A870CD6BB5BE}.Release|Any CPU.ActiveCfg = Release|Any CPU
		{D113C11B-F941-4434-A596-A870CD6BB5BE}.Release|Any CPU.Build.0 = Release|Any CPU
		{CBEE5216-BB49-4094-BBA4-D5BBD3B57954}.Debug|Any CPU.ActiveCfg = Debug|Any CPU
		{CBEE5216-BB49-4094-BBA4-D5BBD3B57954}.Debug|Any CPU.Build.0 = Debug|Any CPU
		{CBEE5216-BB49-4094-BBA4-D5BBD3B57954}.Release|Any CPU.ActiveCfg = Release|Any CPU
		{CBEE5216-BB49-4094-BBA4-D5BBD3B57954}.Release|Any CPU.Build.0 = Release|Any CPU
	EndGlobalSection
	GlobalSection(SolutionProperties) = preSolution
		HideSolutionNode = FALSE
	EndGlobalSection
	GlobalSection(NestedProjects) = preSolution
		{CEEE820D-6A86-4151-BDC8-E37286F852DC} = {B61528F9-DA00-4E16-B037-8D1D337ADECD}
		{68B17A12-5EDA-4C71-899F-E38D56561E4C} = {6BFB93A8-FE3F-43E1-B4EB-0D7F2C3B80AC}
		{8825694A-1E83-4072-8CAB-C19533321A7A} = {7E5FCA41-B1E8-4D5A-B782-F5EDD306EF27}
		{7D3F7F05-7680-4D57-8306-95FB23C6F6CE} = {7E5FCA41-B1E8-4D5A-B782-F5EDD306EF27}
		{BF99F916-0CEC-414B-A53D-D57C9A0DAF17} = {3E54E6DB-2B9D-4DB1-B74C-F984773F7BD6}
		{BD13EA4F-5CDB-44F3-850D-72463405087E} = {3E54E6DB-2B9D-4DB1-B74C-F984773F7BD6}
		{4A250CCC-B5DE-4C3D-B900-61C7DE8EE895} = {6BFB93A8-FE3F-43E1-B4EB-0D7F2C3B80AC}
		{B07826E1-5FAB-4DBD-B638-B2C7A439AAB5} = {6BFB93A8-FE3F-43E1-B4EB-0D7F2C3B80AC}
		{C0664260-4C07-4768-B27D-50C5CD97C826} = {793DFD5D-054F-45B2-BA93-6FFF4684C37E}
		{61A1705D-7766-46D6-9CA3-EF189872C4F1} = {6BFB93A8-FE3F-43E1-B4EB-0D7F2C3B80AC}
		{69F5FF33-0958-40B0-BB2F-E9160690D691} = {A2649590-ED89-44AB-9FEF-6A0297884763}
		{01B6E7C7-8E3B-4BBE-957F-635F73863610} = {6BFB93A8-FE3F-43E1-B4EB-0D7F2C3B80AC}
		{D113C11B-F941-4434-A596-A870CD6BB5BE} = {A2649590-ED89-44AB-9FEF-6A0297884763}
		{CBEE5216-BB49-4094-BBA4-D5BBD3B57954} = {793DFD5D-054F-45B2-BA93-6FFF4684C37E}
	EndGlobalSection
	GlobalSection(ExtensibilityGlobals) = postSolution
		SolutionGuid = {6F8F62F3-223D-4DBD-823E-27880B68ACBC}
	EndGlobalSection
EndGlobal
